
Microsoft Visual Studio Solution File, Format Version 12.00
# Visual Studio Version 16
VisualStudioVersion = 16.0.30413.136
MinimumVisualStudioVersion = 10.0.40219.1
Project("{2150E333-8FDC-42A3-9474-1A3956D46DE8}") = "Tests", "Tests", "{037AA31C-099C-4517-9C4F-DA330C9B7886}"
EndProject
Project("{9A19103F-16F7-4668-BE54-9A1E7A4F7556}") = "ConsoleTests", "Tests\ConsoleTests\ConsoleTests.csproj", "{DD25965B-A6A4-4CB2-8153-D3355B8CD9D3}"
EndProject
Project("{9A19103F-16F7-4668-BE54-9A1E7A4F7556}") = "WPFTest", "WPFTest\WPFTest.csproj", "{40762CAE-087A-470A-8DF2-BA9BFFF50437}"
EndProject
Project("{9A19103F-16F7-4668-BE54-9A1E7A4F7556}") = "MailSender", "MailSender\MailSender.csproj", "{B59260DE-448A-498D-94F9-8D665501E71D}"
EndProject
Project("{9A19103F-16F7-4668-BE54-9A1E7A4F7556}") = "MailSender.lib", "MailSender.lib\MailSender.lib.csproj", "{0718B1E0-804F-4745-BCEF-9CC605CCFF9C}"
EndProject
Project("{9A19103F-16F7-4668-BE54-9A1E7A4F7556}") = "MailSender.lib.Tests", "Tests\MailSender.lib.Tests\MailSender.lib.Tests.csproj", "{C2201FEE-EDC1-4143-89B3-5B09C158FE5C}"
EndProject
Project("{FAE04EC0-301F-11D3-BF4B-00C04F79EFBC}") = "TestLib", "Tests\TestLib\TestLib.csproj", "{6BCAA4EC-573F-4900-B458-C3FA1A40380E}"
EndProject
Global
	GlobalSection(SolutionConfigurationPlatforms) = preSolution
		Debug|Any CPU = Debug|Any CPU
		Release|Any CPU = Release|Any CPU
	EndGlobalSection
	GlobalSection(ProjectConfigurationPlatforms) = postSolution
		{DD25965B-A6A4-4CB2-8153-D3355B8CD9D3}.Debug|Any CPU.ActiveCfg = Debug|Any CPU
		{DD25965B-A6A4-4CB2-8153-D3355B8CD9D3}.Debug|Any CPU.Build.0 = Debug|Any CPU
		{DD25965B-A6A4-4CB2-8153-D3355B8CD9D3}.Release|Any CPU.ActiveCfg = Release|Any CPU
		{DD25965B-A6A4-4CB2-8153-D3355B8CD9D3}.Release|Any CPU.Build.0 = Release|Any CPU
		{40762CAE-087A-470A-8DF2-BA9BFFF50437}.Debug|Any CPU.ActiveCfg = Debug|Any CPU
		{40762CAE-087A-470A-8DF2-BA9BFFF50437}.Debug|Any CPU.Build.0 = Debug|Any CPU
		{40762CAE-087A-470A-8DF2-BA9BFFF50437}.Release|Any CPU.ActiveCfg = Release|Any CPU
		{40762CAE-087A-470A-8DF2-BA9BFFF50437}.Release|Any CPU.Build.0 = Release|Any CPU
		{B59260DE-448A-498D-94F9-8D665501E71D}.Debug|Any CPU.ActiveCfg = Debug|Any CPU
		{B59260DE-448A-498D-94F9-8D665501E71D}.Debug|Any CPU.Build.0 = Debug|Any CPU
		{B59260DE-448A-498D-94F9-8D665501E71D}.Release|Any CPU.ActiveCfg = Release|Any CPU
		{B59260DE-448A-498D-94F9-8D665501E71D}.Release|Any CPU.Build.0 = Release|Any CPU
		{0718B1E0-804F-4745-BCEF-9CC605CCFF9C}.Debug|Any CPU.ActiveCfg = Debug|Any CPU
		{0718B1E0-804F-4745-BCEF-9CC605CCFF9C}.Debug|Any CPU.Build.0 = Debug|Any CPU
		{0718B1E0-804F-4745-BCEF-9CC605CCFF9C}.Release|Any CPU.ActiveCfg = Release|Any CPU
		{0718B1E0-804F-4745-BCEF-9CC605CCFF9C}.Release|Any CPU.Build.0 = Release|Any CPU
		{C2201FEE-EDC1-4143-89B3-5B09C158FE5C}.Debug|Any CPU.ActiveCfg = Debug|Any CPU
		{C2201FEE-EDC1-4143-89B3-5B09C158FE5C}.Debug|Any CPU.Build.0 = Debug|Any CPU
		{C2201FEE-EDC1-4143-89B3-5B09C158FE5C}.Release|Any CPU.ActiveCfg = Release|Any CPU
		{C2201FEE-EDC1-4143-89B3-5B09C158FE5C}.Release|Any CPU.Build.0 = Release|Any CPU
		{6BCAA4EC-573F-4900-B458-C3FA1A40380E}.Debug|Any CPU.ActiveCfg = Debug|Any CPU
		{6BCAA4EC-573F-4900-B458-C3FA1A40380E}.Debug|Any CPU.Build.0 = Debug|Any CPU
		{6BCAA4EC-573F-4900-B458-C3FA1A40380E}.Release|Any CPU.ActiveCfg = Release|Any CPU
		{6BCAA4EC-573F-4900-B458-C3FA1A40380E}.Release|Any CPU.Build.0 = Release|Any CPU
	EndGlobalSection
	GlobalSection(SolutionProperties) = preSolution
		HideSolutionNode = FALSE
	EndGlobalSection
	GlobalSection(NestedProjects) = preSolution
		{DD25965B-A6A4-4CB2-8153-D3355B8CD9D3} = {037AA31C-099C-4517-9C4F-DA330C9B7886}
		{40762CAE-087A-470A-8DF2-BA9BFFF50437} = {037AA31C-099C-4517-9C4F-DA330C9B7886}
		{C2201FEE-EDC1-4143-89B3-5B09C158FE5C} = {037AA31C-099C-4517-9C4F-DA330C9B7886}
		{6BCAA4EC-573F-4900-B458-C3FA1A40380E} = {037AA31C-099C-4517-9C4F-DA330C9B7886}
	EndGlobalSection
	GlobalSection(ExtensibilityGlobals) = postSolution
		SolutionGuid = {8AB7DD45-63A6-49F0-B4E5-D0E0369E77F7}
	EndGlobalSection
EndGlobal
